
Microsoft Visual Studio Solution File, Format Version 12.00
# Visual Studio Version 17
VisualStudioVersion = 17.9.34310.174
MinimumVisualStudioVersion = 10.0.40219.1
Project("{9A19103F-16F7-4668-BE54-9A1E7A4F7556}") = "FirmClassLib", "FirmClassLib\FirmClassLib.csproj", "{FCA3B6D4-3E18-46C7-A561-910FEA2C70C3}"
EndProject
Project("{9A19103F-16F7-4668-BE54-9A1E7A4F7556}") = "DesktopApp", "DesktopApp\DesktopApp.csproj", "{1A2B6A44-7C38-4F50-A1AD-6CD3D38C046B}"
EndProject
Global
	GlobalSection(SolutionConfigurationPlatforms) = preSolution
		Debug|Any CPU = Debug|Any CPU
		Release|Any CPU = Release|Any CPU
	EndGlobalSection
	GlobalSection(ProjectConfigurationPlatforms) = postSolution
		{FCA3B6D4-3E18-46C7-A561-910FEA2C70C3}.Debug|Any CPU.ActiveCfg = Debug|Any CPU
		{FCA3B6D4-3E18-46C7-A561-910FEA2C70C3}.Debug|Any CPU.Build.0 = Debug|Any CPU
		{FCA3B6D4-3E18-46C7-A561-910FEA2C70C3}.Release|Any CPU.ActiveCfg = Release|Any CPU
		{FCA3B6D4-3E18-46C7-A561-910FEA2C70C3}.Release|Any CPU.Build.0 = Release|Any CPU
		{1A2B6A44-7C38-4F50-A1AD-6CD3D38C046B}.Debug|Any CPU.ActiveCfg = Debug|Any CPU
		{1A2B6A44-7C38-4F50-A1AD-6CD3D38C046B}.Debug|Any CPU.Build.0 = Debug|Any CPU
		{1A2B6A44-7C38-4F50-A1AD-6CD3D38C046B}.Release|Any CPU.ActiveCfg = Release|Any CPU
		{1A2B6A44-7C38-4F50-A1AD-6CD3D38C046B}.Release|Any CPU.Build.0 = Release|Any CPU
	EndGlobalSection
	GlobalSection(SolutionProperties) = preSolution
		HideSolutionNode = FALSE
	EndGlobalSection
	GlobalSection(ExtensibilityGlobals) = postSolution
		SolutionGuid = {2DF17F68-F59F-4D4E-BD08-E4E3C8E4AF98}
	EndGlobalSection
EndGlobal
